
Microsoft Visual Studio Solution File, Format Version 12.00
# Visual Studio 15
VisualStudioVersion = 15.0.28307.1622
MinimumVisualStudioVersion = 10.0.40219.1
Project("{D2ABAB84-BF74-430A-B69E-9DC6D40DDA17}") = "ist722_hhkhan_ca5(IST-CS-DW1)", "<Server=ist-cs-dw1.ad.syr.edu;Database=ist722_hhkhan_ca5;>", "{11142C01-3502-4DDD-A0CC-719F44E1A726}"
EndProject
Global
	GlobalSection(SolutionConfigurationPlatforms) = preSolution
		Development|Default = Development|Default
	EndGlobalSection
	GlobalSection(ProjectConfigurationPlatforms) = postSolution
		{11142C01-3502-4DDD-A0CC-719F44E1A726}.Development|Default.ActiveCfg = Development
	EndGlobalSection
	GlobalSection(SolutionProperties) = preSolution
		HideSolutionNode = FALSE
	EndGlobalSection
	GlobalSection(ExtensibilityGlobals) = postSolution
		SolutionGuid = {61C179E0-88C5-4D7F-B910-8D57866618F1}
	EndGlobalSection
EndGlobal
